// !$*UTF8*$!
{
	archiveVersion = 1;
	classes = {
	};
	objectVersion = 46;
	objects = {

/* Begin PBXBuildFile section */
		8966D3231AFA524800E0E0E3 /* UIImageView+SD.m in Sources */ = {isa = PBXBuildFile; fileRef = 8966D3221AFA524800E0E0E3 /* UIImageView+SD.m */; };
		8966D3261AFA526200E0E0E3 /* UIButton+SD.m in Sources */ = {isa = PBXBuildFile; fileRef = 8966D3251AFA526200E0E0E3 /* UIButton+SD.m */; };
		8966D32A1AFA564500E0E0E3 /* CoreSDWebImage.bundle in Resources */ = {isa = PBXBuildFile; fileRef = 8966D3291AFA564500E0E0E3 /* CoreSDWebImage.bundle */; };
		8966D32D1AFA587800E0E0E3 /* UIImage+ReMake.m in Sources */ = {isa = PBXBuildFile; fileRef = 8966D32C1AFA587800E0E0E3 /* UIImage+ReMake.m */; };
		898354D11AF87471008E0489 /* MKAnnotationView+WebCache.m in Sources */ = {isa = PBXBuildFile; fileRef = 898354AD1AF87471008E0489 /* MKAnnotationView+WebCache.m */; };
		898354D21AF87471008E0489 /* NSData+ImageContentType.m in Sources */ = {isa = PBXBuildFile; fileRef = 898354AF1AF87471008E0489 /* NSData+ImageContentType.m */; };
		898354D31AF87471008E0489 /* SDImageCache.m in Sources */ = {isa = PBXBuildFile; fileRef = 898354B11AF87471008E0489 /* SDImageCache.m */; };
		898354D41AF87471008E0489 /* SDWebImageCompat.m in Sources */ = {isa = PBXBuildFile; fileRef = 898354B31AF87471008E0489 /* SDWebImageCompat.m */; };
		898354D51AF87471008E0489 /* SDWebImageDecoder.m in Sources */ = {isa = PBXBuildFile; fileRef = 898354B51AF87471008E0489 /* SDWebImageDecoder.m */; };
		898354D61AF87471008E0489 /* SDWebImageDownloader.m in Sources */ = {isa = PBXBuildFile; fileRef = 898354B71AF87471008E0489 /* SDWebImageDownloader.m */; };
		898354D71AF87471008E0489 /* SDWebImageDownloaderOperation.m in Sources */ = {isa = PBXBuildFile; fileRef = 898354B91AF87471008E0489 /* SDWebImageDownloaderOperation.m */; };
		898354D81AF87471008E0489 /* SDWebImageManager.m in Sources */ = {isa = PBXBuildFile; fileRef = 898354BB1AF87471008E0489 /* SDWebImageManager.m */; };
		898354D91AF87471008E0489 /* SDWebImagePrefetcher.m in Sources */ = {isa = PBXBuildFile; fileRef = 898354BE1AF87471008E0489 /* SDWebImagePrefetcher.m */; };
		898354DA1AF87471008E0489 /* UIButton+WebCache.m in Sources */ = {isa = PBXBuildFile; fileRef = 898354C01AF87471008E0489 /* UIButton+WebCache.m */; };
		898354DB1AF87471008E0489 /* UIImage+GIF.m in Sources */ = {isa = PBXBuildFile; fileRef = 898354C21AF87471008E0489 /* UIImage+GIF.m */; };
		898354DC1AF87471008E0489 /* UIImage+MultiFormat.m in Sources */ = {isa = PBXBuildFile; fileRef = 898354C41AF87471008E0489 /* UIImage+MultiFormat.m */; };
		898354DD1AF87471008E0489 /* UIImage+WebP.m in Sources */ = {isa = PBXBuildFile; fileRef = 898354C61AF87471008E0489 /* UIImage+WebP.m */; };
		898354DE1AF87471008E0489 /* UIImageView+HighlightedWebCache.m in Sources */ = {isa = PBXBuildFile; fileRef = 898354C81AF87471008E0489 /* UIImageView+HighlightedWebCache.m */; };
		898354DF1AF87471008E0489 /* UIImageView+WebCache.m in Sources */ = {isa = PBXBuildFile; fileRef = 898354CA1AF87471008E0489 /* UIImageView+WebCache.m */; };
		898354E01AF87471008E0489 /* UIView+WebCacheOperation.m in Sources */ = {isa = PBXBuildFile; fileRef = 898354CC1AF87471008E0489 /* UIView+WebCacheOperation.m */; };
		EE8228351AC1605D004049D7 /* main.m in Sources */ = {isa = PBXBuildFile; fileRef = EE8228341AC1605D004049D7 /* main.m */; };
		EE8228381AC1605D004049D7 /* AppDelegate.m in Sources */ = {isa = PBXBuildFile; fileRef = EE8228371AC1605D004049D7 /* AppDelegate.m */; };
		EE82283B1AC1605D004049D7 /* ViewController.m in Sources */ = {isa = PBXBuildFile; fileRef = EE82283A1AC1605D004049D7 /* ViewController.m */; };
		EE82283E1AC1605D004049D7 /* Main.storyboard in Resources */ = {isa = PBXBuildFile; fileRef = EE82283C1AC1605D004049D7 /* Main.storyboard */; };
		EE8228401AC1605D004049D7 /* Images.xcassets in Resources */ = {isa = PBXBuildFile; fileRef = EE82283F1AC1605D004049D7 /* Images.xcassets */; };
		EE8228431AC1605D004049D7 /* LaunchScreen.xib in Resources */ = {isa = PBXBuildFile; fileRef = EE8228411AC1605D004049D7 /* LaunchScreen.xib */; };
		EE82284F1AC1605E004049D7 /* CoreSDWebImageTests.m in Sources */ = {isa = PBXBuildFile; fileRef = EE82284E1AC1605E004049D7 /* CoreSDWebImageTests.m */; };
/* End PBXBuildFile section */

/* Begin PBXContainerItemProxy section */
		EE8228491AC1605E004049D7 /* PBXContainerItemProxy */ = {
			isa = PBXContainerItemProxy;
			containerPortal = EE8228271AC1605D004049D7 /* Project object */;
			proxyType = 1;
			remoteGlobalIDString = EE82282E1AC1605D004049D7;
			remoteInfo = CoreSDWebImage;
		};
/* End PBXContainerItemProxy section */

/* Begin PBXFileReference section */
		8966D3211AFA524800E0E0E3 /* UIImageView+SD.h */ = {isa = PBXFileReference; fileEncoding = 4; lastKnownFileType = sourcecode.c.h; path = "UIImageView+SD.h"; sourceTree = "<group>"; };
		8966D3221AFA524800E0E0E3 /* UIImageView+SD.m */ = {isa = PBXFileReference; fileEncoding = 4; lastKnownFileType = sourcecode.c.objc; path = "UIImageView+SD.m"; sourceTree = "<group>"; };
		8966D3241AFA526200E0E0E3 /* UIButton+SD.h */ = {isa = PBXFileReference; fileEncoding = 4; lastKnownFileType = sourcecode.c.h; path = "UIButton+SD.h"; sourceTree = "<group>"; };
		8966D3251AFA526200E0E0E3 /* UIButton+SD.m */ = {isa = PBXFileReference; fileEncoding = 4; lastKnownFileType = sourcecode.c.objc; path = "UIButton+SD.m"; sourceTree = "<group>"; };
		8966D3291AFA564500E0E0E3 /* CoreSDWebImage.bundle */ = {isa = PBXFileReference; lastKnownFileType = "wrapper.plug-in"; path = CoreSDWebImage.bundle; sourceTree = "<group>"; };
		8966D32B1AFA587800E0E0E3 /* UIImage+ReMake.h */ = {isa = PBXFileReference; fileEncoding = 4; lastKnownFileType = sourcecode.c.h; path = "UIImage+ReMake.h"; sourceTree = "<group>"; };
		8966D32C1AFA587800E0E0E3 /* UIImage+ReMake.m */ = {isa = PBXFileReference; fileEncoding = 4; lastKnownFileType = sourcecode.c.objc; path = "UIImage+ReMake.m"; sourceTree = "<group>"; };
		898354AC1AF87471008E0489 /* MKAnnotationView+WebCache.h */ = {isa = PBXFileReference; fileEncoding = 4; lastKnownFileType = sourcecode.c.h; path = "MKAnnotationView+WebCache.h"; sourceTree = "<group>"; };
		898354AD1AF87471008E0489 /* MKAnnotationView+WebCache.m */ = {isa = PBXFileReference; fileEncoding = 4; lastKnownFileType = sourcecode.c.objc; path = "MKAnnotationView+WebCache.m"; sourceTree = "<group>"; };
		898354AE1AF87471008E0489 /* NSData+ImageContentType.h */ = {isa = PBXFileReference; fileEncoding = 4; lastKnownFileType = sourcecode.c.h; path = "NSData+ImageContentType.h"; sourceTree = "<group>"; };
		898354AF1AF87471008E0489 /* NSData+ImageContentType.m */ = {isa = PBXFileReference; fileEncoding = 4; lastKnownFileType = sourcecode.c.objc; path = "NSData+ImageContentType.m"; sourceTree = "<group>"; };
		898354B01AF87471008E0489 /* SDImageCache.h */ = {isa = PBXFileReference; fileEncoding = 4; lastKnownFileType = sourcecode.c.h; path = SDImageCache.h; sourceTree = "<group>"; };
		898354B11AF87471008E0489 /* SDImageCache.m */ = {isa = PBXFileReference; fileEncoding = 4; lastKnownFileType = sourcecode.c.objc; path = SDImageCache.m; sourceTree = "<group>"; };
		898354B21AF87471008E0489 /* SDWebImageCompat.h */ = {isa = PBXFileReference; fileEncoding = 4; lastKnownFileType = sourcecode.c.h; path = SDWebImageCompat.h; sourceTree = "<group>"; };
		898354B31AF87471008E0489 /* SDWebImageCompat.m */ = {isa = PBXFileReference; fileEncoding = 4; lastKnownFileType = sourcecode.c.objc; path = SDWebImageCompat.m; sourceTree = "<group>"; };
		898354B41AF87471008E0489 /* SDWebImageDecoder.h */ = {isa = PBXFileReference; fileEncoding = 4; lastKnownFileType = sourcecode.c.h; path = SDWebImageDecoder.h; sourceTree = "<group>"; };
		898354B51AF87471008E0489 /* SDWebImageDecoder.m */ = {isa = PBXFileReference; fileEncoding = 4; lastKnownFileType = sourcecode.c.objc; path = SDWebImageDecoder.m; sourceTree = "<group>"; };
		898354B61AF87471008E0489 /* SDWebImageDownloader.h */ = {isa = PBXFileReference; fileEncoding = 4; lastKnownFileType = sourcecode.c.h; path = SDWebImageDownloader.h; sourceTree = "<group>"; };
		898354B71AF87471008E0489 /* SDWebImageDownloader.m */ = {isa = PBXFileReference; fileEncoding = 4; lastKnownFileType = sourcecode.c.objc; path = SDWebImageDownloader.m; sourceTree = "<group>"; };
		898354B81AF87471008E0489 /* SDWebImageDownloaderOperation.h */ = {isa = PBXFileReference; fileEncoding = 4; lastKnownFileType = sourcecode.c.h; path = SDWebImageDownloaderOperation.h; sourceTree = "<group>"; };
		898354B91AF87471008E0489 /* SDWebImageDownloaderOperation.m */ = {isa = PBXFileReference; fileEncoding = 4; lastKnownFileType = sourcecode.c.objc; path = SDWebImageDownloaderOperation.m; sourceTree = "<group>"; };
		898354BA1AF87471008E0489 /* SDWebImageManager.h */ = {isa = PBXFileReference; fileEncoding = 4; lastKnownFileType = sourcecode.c.h; path = SDWebImageManager.h; sourceTree = "<group>"; };
		898354BB1AF87471008E0489 /* SDWebImageManager.m */ = {isa = PBXFileReference; fileEncoding = 4; lastKnownFileType = sourcecode.c.objc; path = SDWebImageManager.m; sourceTree = "<group>"; };
		898354BC1AF87471008E0489 /* SDWebImageOperation.h */ = {isa = PBXFileReference; fileEncoding = 4; lastKnownFileType = sourcecode.c.h; path = SDWebImageOperation.h; sourceTree = "<group>"; };
		898354BD1AF87471008E0489 /* SDWebImagePrefetcher.h */ = {isa = PBXFileReference; fileEncoding = 4; lastKnownFileType = sourcecode.c.h; path = SDWebImagePrefetcher.h; sourceTree = "<group>"; };
		898354BE1AF87471008E0489 /* SDWebImagePrefetcher.m */ = {isa = PBXFileReference; fileEncoding = 4; lastKnownFileType = sourcecode.c.objc; path = SDWebImagePrefetcher.m; sourceTree = "<group>"; };
		898354BF1AF87471008E0489 /* UIButton+WebCache.h */ = {isa = PBXFileReference; fileEncoding = 4; lastKnownFileType = sourcecode.c.h; path = "UIButton+WebCache.h"; sourceTree = "<group>"; };
		898354C01AF87471008E0489 /* UIButton+WebCache.m */ = {isa = PBXFileReference; fileEncoding = 4; lastKnownFileType = sourcecode.c.objc; path = "UIButton+WebCache.m"; sourceTree = "<group>"; };
		898354C11AF87471008E0489 /* UIImage+GIF.h */ = {isa = PBXFileReference; fileEncoding = 4; lastKnownFileType = sourcecode.c.h; path = "UIImage+GIF.h"; sourceTree = "<group>"; };
		898354C21AF87471008E0489 /* UIImage+GIF.m */ = {isa = PBXFileReference; fileEncoding = 4; lastKnownFileType = sourcecode.c.objc; path = "UIImage+GIF.m"; sourceTree = "<group>"; };
		898354C31AF87471008E0489 /* UIImage+MultiFormat.h */ = {isa = PBXFileReference; fileEncoding = 4; lastKnownFileType = sourcecode.c.h; path = "UIImage+MultiFormat.h"; sourceTree = "<group>"; };
		898354C41AF87471008E0489 /* UIImage+MultiFormat.m */ = {isa = PBXFileReference; fileEncoding = 4; lastKnownFileType = sourcecode.c.objc; path = "UIImage+MultiFormat.m"; sourceTree = "<group>"; };
		898354C51AF87471008E0489 /* UIImage+WebP.h */ = {isa = PBXFileReference; fileEncoding = 4; lastKnownFileType = sourcecode.c.h; path = "UIImage+WebP.h"; sourceTree = "<group>"; };
		898354C61AF87471008E0489 /* UIImage+WebP.m */ = {isa = PBXFileReference; fileEncoding = 4; lastKnownFileType = sourcecode.c.objc; path = "UIImage+WebP.m"; sourceTree = "<group>"; };
		898354C71AF87471008E0489 /* UIImageView+HighlightedWebCache.h */ = {isa = PBXFileReference; fileEncoding = 4; lastKnownFileType = sourcecode.c.h; path = "UIImageView+HighlightedWebCache.h"; sourceTree = "<group>"; };
		898354C81AF87471008E0489 /* UIImageView+HighlightedWebCache.m */ = {isa = PBXFileReference; fileEncoding = 4; lastKnownFileType = sourcecode.c.objc; path = "UIImageView+HighlightedWebCache.m"; sourceTree = "<group>"; };
		898354C91AF87471008E0489 /* UIImageView+WebCache.h */ = {isa = PBXFileReference; fileEncoding = 4; lastKnownFileType = sourcecode.c.h; path = "UIImageView+WebCache.h"; sourceTree = "<group>"; };
		898354CA1AF87471008E0489 /* UIImageView+WebCache.m */ = {isa = PBXFileReference; fileEncoding = 4; lastKnownFileType = sourcecode.c.objc; path = "UIImageView+WebCache.m"; sourceTree = "<group>"; };
		898354CB1AF87471008E0489 /* UIView+WebCacheOperation.h */ = {isa = PBXFileReference; fileEncoding = 4; lastKnownFileType = sourcecode.c.h; path = "UIView+WebCacheOperation.h"; sourceTree = "<group>"; };
		898354CC1AF87471008E0489 /* UIView+WebCacheOperation.m */ = {isa = PBXFileReference; fileEncoding = 4; lastKnownFileType = sourcecode.c.objc; path = "UIView+WebCacheOperation.m"; sourceTree = "<group>"; };
		EE82282F1AC1605D004049D7 /* CoreSDWebImage.app */ = {isa = PBXFileReference; explicitFileType = wrapper.application; includeInIndex = 0; path = CoreSDWebImage.app; sourceTree = BUILT_PRODUCTS_DIR; };
		EE8228331AC1605D004049D7 /* Info.plist */ = {isa = PBXFileReference; lastKnownFileType = text.plist.xml; path = Info.plist; sourceTree = "<group>"; };
		EE8228341AC1605D004049D7 /* main.m */ = {isa = PBXFileReference; lastKnownFileType = sourcecode.c.objc; path = main.m; sourceTree = "<group>"; };
		EE8228361AC1605D004049D7 /* AppDelegate.h */ = {isa = PBXFileReference; lastKnownFileType = sourcecode.c.h; path = AppDelegate.h; sourceTree = "<group>"; };
		EE8228371AC1605D004049D7 /* AppDelegate.m */ = {isa = PBXFileReference; lastKnownFileType = sourcecode.c.objc; path = AppDelegate.m; sourceTree = "<group>"; };
		EE8228391AC1605D004049D7 /* ViewController.h */ = {isa = PBXFileReference; lastKnownFileType = sourcecode.c.h; path = ViewController.h; sourceTree = "<group>"; };
		EE82283A1AC1605D004049D7 /* ViewController.m */ = {isa = PBXFileReference; lastKnownFileType = sourcecode.c.objc; path = ViewController.m; sourceTree = "<group>"; };
		EE82283D1AC1605D004049D7 /* Base */ = {isa = PBXFileReference; lastKnownFileType = file.storyboard; name = Base; path = Base.lproj/Main.storyboard; sourceTree = "<group>"; };
		EE82283F1AC1605D004049D7 /* Images.xcassets */ = {isa = PBXFileReference; lastKnownFileType = folder.assetcatalog; path = Images.xcassets; sourceTree = "<group>"; };
		EE8228421AC1605D004049D7 /* Base */ = {isa = PBXFileReference; lastKnownFileType = file.xib; name = Base; path = Base.lproj/LaunchScreen.xib; sourceTree = "<group>"; };
		EE8228481AC1605E004049D7 /* CoreSDWebImageTests.xctest */ = {isa = PBXFileReference; explicitFileType = wrapper.cfbundle; includeInIndex = 0; path = CoreSDWebImageTests.xctest; sourceTree = BUILT_PRODUCTS_DIR; };
		EE82284D1AC1605E004049D7 /* Info.plist */ = {isa = PBXFileReference; lastKnownFileType = text.plist.xml; path = Info.plist; sourceTree = "<group>"; };
		EE82284E1AC1605E004049D7 /* CoreSDWebImageTests.m */ = {isa = PBXFileReference; lastKnownFileType = sourcecode.c.objc; path = CoreSDWebImageTests.m; sourceTree = "<group>"; };
/* End PBXFileReference section */

/* Begin PBXFrameworksBuildPhase section */
		EE82282C1AC1605D004049D7 /* Frameworks */ = {
			isa = PBXFrameworksBuildPhase;
			buildActionMask = 2147483647;
			files = (
			);
			runOnlyForDeploymentPostprocessing = 0;
		};
		EE8228451AC1605E004049D7 /* Frameworks */ = {
			isa = PBXFrameworksBuildPhase;
			buildActionMask = 2147483647;
			files = (
			);
			runOnlyForDeploymentPostprocessing = 0;
		};
/* End PBXFrameworksBuildPhase section */

/* Begin PBXGroup section */
		8966D3271AFA55EC00E0E0E3 /* Category */ = {
			isa = PBXGroup;
			children = (
				8966D32B1AFA587800E0E0E3 /* UIImage+ReMake.h */,
				8966D32C1AFA587800E0E0E3 /* UIImage+ReMake.m */,
			);
			path = Category;
			sourceTree = "<group>";
		};
		8966D3281AFA55EC00E0E0E3 /* Resource */ = {
			isa = PBXGroup;
			children = (
				8966D3291AFA564500E0E0E3 /* CoreSDWebImage.bundle */,
			);
			path = Resource;
			sourceTree = "<group>";
		};
		898354A91AF87471008E0489 /* CoreSDWebImage */ = {
			isa = PBXGroup;
			children = (
				8966D3211AFA524800E0E0E3 /* UIImageView+SD.h */,
				8966D3221AFA524800E0E0E3 /* UIImageView+SD.m */,
				8966D3241AFA526200E0E0E3 /* UIButton+SD.h */,
				8966D3251AFA526200E0E0E3 /* UIButton+SD.m */,
				898354AA1AF87471008E0489 /* Lib */,
			);
			path = CoreSDWebImage;
			sourceTree = "<group>";
		};
		898354AA1AF87471008E0489 /* Lib */ = {
			isa = PBXGroup;
			children = (
				8966D3271AFA55EC00E0E0E3 /* Category */,
				8966D3281AFA55EC00E0E0E3 /* Resource */,
				898354AB1AF87471008E0489 /* SDWebImage */,
			);
			path = Lib;
			sourceTree = "<group>";
		};
		898354AB1AF87471008E0489 /* SDWebImage */ = {
			isa = PBXGroup;
			children = (
				898354AC1AF87471008E0489 /* MKAnnotationView+WebCache.h */,
				898354AD1AF87471008E0489 /* MKAnnotationView+WebCache.m */,
				898354AE1AF87471008E0489 /* NSData+ImageContentType.h */,
				898354AF1AF87471008E0489 /* NSData+ImageContentType.m */,
				898354B01AF87471008E0489 /* SDImageCache.h */,
				898354B11AF87471008E0489 /* SDImageCache.m */,
				898354B21AF87471008E0489 /* SDWebImageCompat.h */,
				898354B31AF87471008E0489 /* SDWebImageCompat.m */,
				898354B41AF87471008E0489 /* SDWebImageDecoder.h */,
				898354B51AF87471008E0489 /* SDWebImageDecoder.m */,
				898354B61AF87471008E0489 /* SDWebImageDownloader.h */,
				898354B71AF87471008E0489 /* SDWebImageDownloader.m */,
				898354B81AF87471008E0489 /* SDWebImageDownloaderOperation.h */,
				898354B91AF87471008E0489 /* SDWebImageDownloaderOperation.m */,
				898354BA1AF87471008E0489 /* SDWebImageManager.h */,
				898354BB1AF87471008E0489 /* SDWebImageManager.m */,
				898354BC1AF87471008E0489 /* SDWebImageOperation.h */,
				898354BD1AF87471008E0489 /* SDWebImagePrefetcher.h */,
				898354BE1AF87471008E0489 /* SDWebImagePrefetcher.m */,
				898354BF1AF87471008E0489 /* UIButton+WebCache.h */,
				898354C01AF87471008E0489 /* UIButton+WebCache.m */,
				898354C11AF87471008E0489 /* UIImage+GIF.h */,
				898354C21AF87471008E0489 /* UIImage+GIF.m */,
				898354C31AF87471008E0489 /* UIImage+MultiFormat.h */,
				898354C41AF87471008E0489 /* UIImage+MultiFormat.m */,
				898354C51AF87471008E0489 /* UIImage+WebP.h */,
				898354C61AF87471008E0489 /* UIImage+WebP.m */,
				898354C71AF87471008E0489 /* UIImageView+HighlightedWebCache.h */,
				898354C81AF87471008E0489 /* UIImageView+HighlightedWebCache.m */,
				898354C91AF87471008E0489 /* UIImageView+WebCache.h */,
				898354CA1AF87471008E0489 /* UIImageView+WebCache.m */,
				898354CB1AF87471008E0489 /* UIView+WebCacheOperation.h */,
				898354CC1AF87471008E0489 /* UIView+WebCacheOperation.m */,
			);
			path = SDWebImage;
			sourceTree = "<group>";
		};
		EE8228261AC1605D004049D7 = {
			isa = PBXGroup;
			children = (
				EE8228311AC1605D004049D7 /* CoreSDWebImage */,
				EE82284B1AC1605E004049D7 /* CoreSDWebImageTests */,
				EE8228301AC1605D004049D7 /* Products */,
			);
			sourceTree = "<group>";
		};
		EE8228301AC1605D004049D7 /* Products */ = {
			isa = PBXGroup;
			children = (
				EE82282F1AC1605D004049D7 /* CoreSDWebImage.app */,
				EE8228481AC1605E004049D7 /* CoreSDWebImageTests.xctest */,
			);
			name = Products;
			sourceTree = "<group>";
		};
		EE8228311AC1605D004049D7 /* CoreSDWebImage */ = {
			isa = PBXGroup;
			children = (
				898354A91AF87471008E0489 /* CoreSDWebImage */,
				EE8228361AC1605D004049D7 /* AppDelegate.h */,
				EE8228371AC1605D004049D7 /* AppDelegate.m */,
				EE8228391AC1605D004049D7 /* ViewController.h */,
				EE82283A1AC1605D004049D7 /* ViewController.m */,
				EE82283C1AC1605D004049D7 /* Main.storyboard */,
				EE82283F1AC1605D004049D7 /* Images.xcassets */,
				EE8228411AC1605D004049D7 /* LaunchScreen.xib */,
				EE8228321AC1605D004049D7 /* Supporting Files */,
			);
			path = CoreSDWebImage;
			sourceTree = "<group>";
		};
		EE8228321AC1605D004049D7 /* Supporting Files */ = {
			isa = PBXGroup;
			children = (
				EE8228331AC1605D004049D7 /* Info.plist */,
				EE8228341AC1605D004049D7 /* main.m */,
			);
			name = "Supporting Files";
			sourceTree = "<group>";
		};
		EE82284B1AC1605E004049D7 /* CoreSDWebImageTests */ = {
			isa = PBXGroup;
			children = (
				EE82284E1AC1605E004049D7 /* CoreSDWebImageTests.m */,
				EE82284C1AC1605E004049D7 /* Supporting Files */,
			);
			path = CoreSDWebImageTests;
			sourceTree = "<group>";
		};
		EE82284C1AC1605E004049D7 /* Supporting Files */ = {
			isa = PBXGroup;
			children = (
				EE82284D1AC1605E004049D7 /* Info.plist */,
			);
			name = "Supporting Files";
			sourceTree = "<group>";
		};
/* End PBXGroup section */

/* Begin PBXNativeTarget section */
		EE82282E1AC1605D004049D7 /* CoreSDWebImage */ = {
			isa = PBXNativeTarget;
			buildConfigurationList = EE8228521AC1605E004049D7 /* Build configuration list for PBXNativeTarget "CoreSDWebImage" */;
			buildPhases = (
				EE82282B1AC1605D004049D7 /* Sources */,
				EE82282C1AC1605D004049D7 /* Frameworks */,
				EE82282D1AC1605D004049D7 /* Resources */,
			);
			buildRules = (
			);
			dependencies = (
			);
			name = CoreSDWebImage;
			productName = CoreSDWebImage;
			productReference = EE82282F1AC1605D004049D7 /* CoreSDWebImage.app */;
			productType = "com.apple.product-type.application";
		};
		EE8228471AC1605E004049D7 /* CoreSDWebImageTests */ = {
			isa = PBXNativeTarget;
			buildConfigurationList = EE8228551AC1605E004049D7 /* Build configuration list for PBXNativeTarget "CoreSDWebImageTests" */;
			buildPhases = (
				EE8228441AC1605E004049D7 /* Sources */,
				EE8228451AC1605E004049D7 /* Frameworks */,
				EE8228461AC1605E004049D7 /* Resources */,
			);
			buildRules = (
			);
			dependencies = (
				EE82284A1AC1605E004049D7 /* PBXTargetDependency */,
			);
			name = CoreSDWebImageTests;
			productName = CoreSDWebImageTests;
			productReference = EE8228481AC1605E004049D7 /* CoreSDWebImageTests.xctest */;
			productType = "com.apple.product-type.bundle.unit-test";
		};
/* End PBXNativeTarget section */

/* Begin PBXProject section */
		EE8228271AC1605D004049D7 /* Project object */ = {
			isa = PBXProject;
			attributes = {
				LastUpgradeCheck = 0610;
				ORGANIZATIONNAME = muxi;
				TargetAttributes = {
					EE82282E1AC1605D004049D7 = {
						CreatedOnToolsVersion = 6.1.1;
					};
					EE8228471AC1605E004049D7 = {
						CreatedOnToolsVersion = 6.1.1;
						TestTargetID = EE82282E1AC1605D004049D7;
					};
				};
			};
			buildConfigurationList = EE82282A1AC1605D004049D7 /* Build configuration list for PBXProject "CoreSDWebImage" */;
			compatibilityVersion = "Xcode 3.2";
			developmentRegion = English;
			hasScannedForEncodings = 0;
			knownRegions = (
				en,
				Base,
			);
			mainGroup = EE8228261AC1605D004049D7;
			productRefGroup = EE8228301AC1605D004049D7 /* Products */;
			projectDirPath = "";
			projectRoot = "";
			targets = (
				EE82282E1AC1605D004049D7 /* CoreSDWebImage */,
				EE8228471AC1605E004049D7 /* CoreSDWebImageTests */,
			);
		};
/* End PBXProject section */

/* Begin PBXResourcesBuildPhase section */
		EE82282D1AC1605D004049D7 /* Resources */ = {
			isa = PBXResourcesBuildPhase;
			buildActionMask = 2147483647;
			files = (
				EE82283E1AC1605D004049D7 /* Main.storyboard in Resources */,
				EE8228431AC1605D004049D7 /* LaunchScreen.xib in Resources */,
				8966D32A1AFA564500E0E0E3 /* CoreSDWebImage.bundle in Resources */,
				EE8228401AC1605D004049D7 /* Images.xcassets in Resources */,
			);
			runOnlyForDeploymentPostprocessing = 0;
		};
		EE8228461AC1605E004049D7 /* Resources */ = {
			isa = PBXResourcesBuildPhase;
			buildActionMask = 2147483647;
			files = (
			);
			runOnlyForDeploymentPostprocessing = 0;
		};
/* End PBXResourcesBuildPhase section */

/* Begin PBXSourcesBuildPhase section */
		EE82282B1AC1605D004049D7 /* Sources */ = {
			isa = PBXSourcesBuildPhase;
			buildActionMask = 2147483647;
			files = (
				898354DE1AF87471008E0489 /* UIImageView+HighlightedWebCache.m in Sources */,
				898354D21AF87471008E0489 /* NSData+ImageContentType.m in Sources */,
				898354D81AF87471008E0489 /* SDWebImageManager.m in Sources */,
				898354D61AF87471008E0489 /* SDWebImageDownloader.m in Sources */,
				898354DD1AF87471008E0489 /* UIImage+WebP.m in Sources */,
				898354E01AF87471008E0489 /* UIView+WebCacheOperation.m in Sources */,
				898354D31AF87471008E0489 /* SDImageCache.m in Sources */,
				EE82283B1AC1605D004049D7 /* ViewController.m in Sources */,
				898354D11AF87471008E0489 /* MKAnnotationView+WebCache.m in Sources */,
				898354D51AF87471008E0489 /* SDWebImageDecoder.m in Sources */,
				898354DC1AF87471008E0489 /* UIImage+MultiFormat.m in Sources */,
				898354D71AF87471008E0489 /* SDWebImageDownloaderOperation.m in Sources */,
				EE8228381AC1605D004049D7 /* AppDelegate.m in Sources */,
				898354DA1AF87471008E0489 /* UIButton+WebCache.m in Sources */,
				898354D91AF87471008E0489 /* SDWebImagePrefetcher.m in Sources */,
				8966D3261AFA526200E0E0E3 /* UIButton+SD.m in Sources */,
				8966D32D1AFA587800E0E0E3 /* UIImage+ReMake.m in Sources */,
				898354DF1AF87471008E0489 /* UIImageView+WebCache.m in Sources */,
				898354D41AF87471008E0489 /* SDWebImageCompat.m in Sources */,
				898354DB1AF87471008E0489 /* UIImage+GIF.m in Sources */,
				8966D3231AFA524800E0E0E3 /* UIImageView+SD.m in Sources */,
				EE8228351AC1605D004049D7 /* main.m in Sources */,
			);
			runOnlyForDeploymentPostprocessing = 0;
		};
		EE8228441AC1605E004049D7 /* Sources */ = {
			isa = PBXSourcesBuildPhase;
			buildActionMask = 2147483647;
			files = (
				EE82284F1AC1605E004049D7 /* CoreSDWebImageTests.m in Sources */,
			);
			runOnlyForDeploymentPostprocessing = 0;
		};
/* End PBXSourcesBuildPhase section */

/* Begin PBXTargetDependency section */
		EE82284A1AC1605E004049D7 /* PBXTargetDependency */ = {
			isa = PBXTargetDependency;
			target = EE82282E1AC1605D004049D7 /* CoreSDWebImage */;
			targetProxy = EE8228491AC1605E004049D7 /* PBXContainerItemProxy */;
		};
/* End PBXTargetDependency section */

/* Begin PBXVariantGroup section */
		EE82283C1AC1605D004049D7 /* Main.storyboard */ = {
			isa = PBXVariantGroup;
			children = (
				EE82283D1AC1605D004049D7 /* Base */,
			);
			name = Main.storyboard;
			sourceTree = "<group>";
		};
		EE8228411AC1605D004049D7 /* LaunchScreen.xib */ = {
			isa = PBXVariantGroup;
			children = (
				EE8228421AC1605D004049D7 /* Base */,
			);
			name = LaunchScreen.xib;
			sourceTree = "<group>";
		};
/* End PBXVariantGroup section */

/* Begin XCBuildConfiguration section */
		EE8228501AC1605E004049D7 /* Debug */ = {
			isa = XCBuildConfiguration;
			buildSettings = {
				ALWAYS_SEARCH_USER_PATHS = NO;
				CLANG_CXX_LANGUAGE_STANDARD = "gnu++0x";
				CLANG_CXX_LIBRARY = "libc++";
				CLANG_ENABLE_MODULES = YES;
				CLANG_ENABLE_OBJC_ARC = YES;
				CLANG_WARN_BOOL_CONVERSION = YES;
				CLANG_WARN_CONSTANT_CONVERSION = YES;
				CLANG_WARN_DIRECT_OBJC_ISA_USAGE = YES_ERROR;
				CLANG_WARN_EMPTY_BODY = YES;
				CLANG_WARN_ENUM_CONVERSION = YES;
				CLANG_WARN_INT_CONVERSION = YES;
				CLANG_WARN_OBJC_ROOT_CLASS = YES_ERROR;
				CLANG_WARN_UNREACHABLE_CODE = YES;
				CLANG_WARN__DUPLICATE_METHOD_MATCH = YES;
				"CODE_SIGN_IDENTITY[sdk=iphoneos*]" = "iPhone Developer";
				COPY_PHASE_STRIP = NO;
				ENABLE_STRICT_OBJC_MSGSEND = YES;
				GCC_C_LANGUAGE_STANDARD = gnu99;
				GCC_DYNAMIC_NO_PIC = NO;
				GCC_OPTIMIZATION_LEVEL = 0;
				GCC_PREPROCESSOR_DEFINITIONS = (
					"DEBUG=1",
					"$(inherited)",
				);
				GCC_SYMBOLS_PRIVATE_EXTERN = NO;
				GCC_WARN_64_TO_32_BIT_CONVERSION = YES;
				GCC_WARN_ABOUT_RETURN_TYPE = YES_ERROR;
				GCC_WARN_UNDECLARED_SELECTOR = YES;
				GCC_WARN_UNINITIALIZED_AUTOS = YES_AGGRESSIVE;
				GCC_WARN_UNUSED_FUNCTION = YES;
				GCC_WARN_UNUSED_VARIABLE = YES;
				IPHONEOS_DEPLOYMENT_TARGET = 8.1;
				MTL_ENABLE_DEBUG_INFO = YES;
				ONLY_ACTIVE_ARCH = YES;
				SDKROOT = iphoneos;
			};
			name = Debug;
		};
		EE8228511AC1605E004049D7 /* Release */ = {
			isa = XCBuildConfiguration;
			buildSettings = {
				ALWAYS_SEARCH_USER_PATHS = NO;
				CLANG_CXX_LANGUAGE_STANDARD = "gnu++0x";
				CLANG_CXX_LIBRARY = "libc++";
				CLANG_ENABLE_MODULES = YES;
				CLANG_ENABLE_OBJC_ARC = YES;
				CLANG_WARN_BOOL_CONVERSION = YES;
				CLANG_WARN_CONSTANT_CONVERSION = YES;
				CLANG_WARN_DIRECT_OBJC_ISA_USAGE = YES_ERROR;
				CLANG_WARN_EMPTY_BODY = YES;
				CLANG_WARN_ENUM_CONVERSION = YES;
				CLANG_WARN_INT_CONVERSION = YES;
				CLANG_WARN_OBJC_ROOT_CLASS = YES_ERROR;
				CLANG_WARN_UNREACHABLE_CODE = YES;
				CLANG_WARN__DUPLICATE_METHOD_MATCH = YES;
				"CODE_SIGN_IDENTITY[sdk=iphoneos*]" = "iPhone Developer";
				COPY_PHASE_STRIP = YES;
				ENABLE_NS_ASSERTIONS = NO;
				ENABLE_STRICT_OBJC_MSGSEND = YES;
				GCC_C_LANGUAGE_STANDARD = gnu99;
				GCC_WARN_64_TO_32_BIT_CONVERSION = YES;
				GCC_WARN_ABOUT_RETURN_TYPE = YES_ERROR;
				GCC_WARN_UNDECLARED_SELECTOR = YES;
				GCC_WARN_UNINITIALIZED_AUTOS = YES_AGGRESSIVE;
				GCC_WARN_UNUSED_FUNCTION = YES;
				GCC_WARN_UNUSED_VARIABLE = YES;
				IPHONEOS_DEPLOYMENT_TARGET = 8.1;
				MTL_ENABLE_DEBUG_INFO = NO;
				SDKROOT = iphoneos;
				VALIDATE_PRODUCT = YES;
			};
			name = Release;
		};
		EE8228531AC1605E004049D7 /* Debug */ = {
			isa = XCBuildConfiguration;
			buildSettings = {
				ASSETCATALOG_COMPILER_APPICON_NAME = AppIcon;
				ASSETCATALOG_COMPILER_LAUNCHIMAGE_NAME = LaunchImage;
				INFOPLIST_FILE = CoreSDWebImage/Info.plist;
				IPHONEOS_DEPLOYMENT_TARGET = 7.0;
				LD_RUNPATH_SEARCH_PATHS = "$(inherited) @executable_path/Frameworks";
				PRODUCT_NAME = "$(TARGET_NAME)";
			};
			name = Debug;
		};
		EE8228541AC1605E004049D7 /* Release */ = {
			isa = XCBuildConfiguration;
			buildSettings = {
				ASSETCATALOG_COMPILER_APPICON_NAME = AppIcon;
				ASSETCATALOG_COMPILER_LAUNCHIMAGE_NAME = LaunchImage;
				INFOPLIST_FILE = CoreSDWebImage/Info.plist;
				IPHONEOS_DEPLOYMENT_TARGET = 7.0;
				LD_RUNPATH_SEARCH_PATHS = "$(inherited) @executable_path/Frameworks";
				PRODUCT_NAME = "$(TARGET_NAME)";
			};
			name = Release;
		};
		EE8228561AC1605E004049D7 /* Debug */ = {
			isa = XCBuildConfiguration;
			buildSettings = {
				BUNDLE_LOADER = "$(TEST_HOST)";
				FRAMEWORK_SEARCH_PATHS = (
					"$(SDKROOT)/Developer/Library/Frameworks",
					"$(inherited)",
				);
				GCC_PREPROCESSOR_DEFINITIONS = (
					"DEBUG=1",
					"$(inherited)",
				);
				INFOPLIST_FILE = CoreSDWebImageTests/Info.plist;
				LD_RUNPATH_SEARCH_PATHS = "$(inherited) @executable_path/Frameworks @loader_path/Frameworks";
				PRODUCT_NAME = "$(TARGET_NAME)";
				TEST_HOST = "$(BUILT_PRODUCTS_DIR)/CoreSDWebImage.app/CoreSDWebImage";
			};
			name = Debug;
		};
		EE8228571AC1605E004049D7 /* Release */ = {
			isa = XCBuildConfiguration;
			buildSettings = {
				BUNDLE_LOADER = "$(TEST_HOST)";
				FRAMEWORK_SEARCH_PATHS = (
					"$(SDKROOT)/Developer/Library/Frameworks",
					"$(inherited)",
				);
				INFOPLIST_FILE = CoreSDWebImageTests/Info.plist;
				LD_RUNPATH_SEARCH_PATHS = "$(inherited) @executable_path/Frameworks @loader_path/Frameworks";
				PRODUCT_NAME = "$(TARGET_NAME)";
				TEST_HOST = "$(BUILT_PRODUCTS_DIR)/CoreSDWebImage.app/CoreSDWebImage";
			};
			name = Release;
		};
/* End XCBuildConfiguration section */

/* Begin XCConfigurationList section */
		EE82282A1AC1605D004049D7 /* Build configuration list for PBXProject "CoreSDWebImage" */ = {
			isa = XCConfigurationList;
			buildConfigurations = (
				EE8228501AC1605E004049D7 /* Debug */,
				EE8228511AC1605E004049D7 /* Release */,
			);
			defaultConfigurationIsVisible = 0;
			defaultConfigurationName = Release;
		};
		EE8228521AC1605E004049D7 /* Build configuration list for PBXNativeTarget "CoreSDWebImage" */ = {
			isa = XCConfigurationList;
			buildConfigurations = (
				EE8228531AC1605E004049D7 /* Debug */,
				EE8228541AC1605E004049D7 /* Release */,
			);
			defaultConfigurationIsVisible = 0;
			defaultConfigurationName = Release;
		};
		EE8228551AC1605E004049D7 /* Build configuration list for PBXNativeTarget "CoreSDWebImageTests" */ = {
			isa = XCConfigurationList;
			buildConfigurations = (
				EE8228561AC1605E004049D7 /* Debug */,
				EE8228571AC1605E004049D7 /* Release */,
			);
			defaultConfigurationIsVisible = 0;
			defaultConfigurationName = Release;
		};
/* End XCConfigurationList section */
	};
	rootObject = EE8228271AC1605D004049D7 /* Project object */;
}
